
Microsoft Visual Studio Solution File, Format Version 12.00
# Visual Studio 15
VisualStudioVersion = 15.0.26124.0
MinimumVisualStudioVersion = 15.0.26124.0
Project("{FAE04EC0-301F-11D3-BF4B-00C04F79EFBC}") = "ConsoleConsumer", "ConsoleConsumer\ConsoleConsumer.csproj", "{D62F9EE5-A539-4387-A89E-96C1A5363EBB}"
EndProject
Project("{FAE04EC0-301F-11D3-BF4B-00C04F79EFBC}") = "WebApi", "WebApi\WebApi.csproj", "{CC50EE69-3DC8-4152-980C-274A57407CE1}"
EndProject
Project("{FAE04EC0-301F-11D3-BF4B-00C04F79EFBC}") = "Infrastucture", "Infrastucture\Infrastucture.csproj", "{F234A326-7CDD-4A2A-A9FB-8FEEF66781CA}"
EndProject
Project("{FAE04EC0-301F-11D3-BF4B-00C04F79EFBC}") = "Contracts", "Contracts\Contracts.csproj", "{D7A1C868-80EF-48D3-81EB-4979AAB9D07A}"
EndProject
Global
	GlobalSection(SolutionConfigurationPlatforms) = preSolution
		Debug|Any CPU = Debug|Any CPU
		Debug|x64 = Debug|x64
		Debug|x86 = Debug|x86
		Release|Any CPU = Release|Any CPU
		Release|x64 = Release|x64
		Release|x86 = Release|x86
	EndGlobalSection
	GlobalSection(SolutionProperties) = preSolution
		HideSolutionNode = FALSE
	EndGlobalSection
	GlobalSection(ProjectConfigurationPlatforms) = postSolution
		{D62F9EE5-A539-4387-A89E-96C1A5363EBB}.Debug|Any CPU.ActiveCfg = Debug|Any CPU
		{D62F9EE5-A539-4387-A89E-96C1A5363EBB}.Debug|Any CPU.Build.0 = Debug|Any CPU
		{D62F9EE5-A539-4387-A89E-96C1A5363EBB}.Debug|x64.ActiveCfg = Debug|Any CPU
		{D62F9EE5-A539-4387-A89E-96C1A5363EBB}.Debug|x64.Build.0 = Debug|Any CPU
		{D62F9EE5-A539-4387-A89E-96C1A5363EBB}.Debug|x86.ActiveCfg = Debug|Any CPU
		{D62F9EE5-A539-4387-A89E-96C1A5363EBB}.Debug|x86.Build.0 = Debug|Any CPU
		{D62F9EE5-A539-4387-A89E-96C1A5363EBB}.Release|Any CPU.ActiveCfg = Release|Any CPU
		{D62F9EE5-A539-4387-A89E-96C1A5363EBB}.Release|Any CPU.Build.0 = Release|Any CPU
		{D62F9EE5-A539-4387-A89E-96C1A5363EBB}.Release|x64.ActiveCfg = Release|Any CPU
		{D62F9EE5-A539-4387-A89E-96C1A5363EBB}.Release|x64.Build.0 = Release|Any CPU
		{D62F9EE5-A539-4387-A89E-96C1A5363EBB}.Release|x86.ActiveCfg = Release|Any CPU
		{D62F9EE5-A539-4387-A89E-96C1A5363EBB}.Release|x86.Build.0 = Release|Any CPU
		{CC50EE69-3DC8-4152-980C-274A57407CE1}.Debug|Any CPU.ActiveCfg = Debug|Any CPU
		{CC50EE69-3DC8-4152-980C-274A57407CE1}.Debug|Any CPU.Build.0 = Debug|Any CPU
		{CC50EE69-3DC8-4152-980C-274A57407CE1}.Debug|x64.ActiveCfg = Debug|Any CPU
		{CC50EE69-3DC8-4152-980C-274A57407CE1}.Debug|x64.Build.0 = Debug|Any CPU
		{CC50EE69-3DC8-4152-980C-274A57407CE1}.Debug|x86.ActiveCfg = Debug|Any CPU
		{CC50EE69-3DC8-4152-980C-274A57407CE1}.Debug|x86.Build.0 = Debug|Any CPU
		{CC50EE69-3DC8-4152-980C-274A57407CE1}.Release|Any CPU.ActiveCfg = Release|Any CPU
		{CC50EE69-3DC8-4152-980C-274A57407CE1}.Release|Any CPU.Build.0 = Release|Any CPU
		{CC50EE69-3DC8-4152-980C-274A57407CE1}.Release|x64.ActiveCfg = Release|Any CPU
		{CC50EE69-3DC8-4152-980C-274A57407CE1}.Release|x64.Build.0 = Release|Any CPU
		{CC50EE69-3DC8-4152-980C-274A57407CE1}.Release|x86.ActiveCfg = Release|Any CPU
		{CC50EE69-3DC8-4152-980C-274A57407CE1}.Release|x86.Build.0 = Release|Any CPU
		{F234A326-7CDD-4A2A-A9FB-8FEEF66781CA}.Debug|Any CPU.ActiveCfg = Debug|Any CPU
		{F234A326-7CDD-4A2A-A9FB-8FEEF66781CA}.Debug|Any CPU.Build.0 = Debug|Any CPU
		{F234A326-7CDD-4A2A-A9FB-8FEEF66781CA}.Debug|x64.ActiveCfg = Debug|Any CPU
		{F234A326-7CDD-4A2A-A9FB-8FEEF66781CA}.Debug|x64.Build.0 = Debug|Any CPU
		{F234A326-7CDD-4A2A-A9FB-8FEEF66781CA}.Debug|x86.ActiveCfg = Debug|Any CPU
		{F234A326-7CDD-4A2A-A9FB-8FEEF66781CA}.Debug|x86.Build.0 = Debug|Any CPU
		{F234A326-7CDD-4A2A-A9FB-8FEEF66781CA}.Release|Any CPU.ActiveCfg = Release|Any CPU
		{F234A326-7CDD-4A2A-A9FB-8FEEF66781CA}.Release|Any CPU.Build.0 = Release|Any CPU
		{F234A326-7CDD-4A2A-A9FB-8FEEF66781CA}.Release|x64.ActiveCfg = Release|Any CPU
		{F234A326-7CDD-4A2A-A9FB-8FEEF66781CA}.Release|x64.Build.0 = Release|Any CPU
		{F234A326-7CDD-4A2A-A9FB-8FEEF66781CA}.Release|x86.ActiveCfg = Release|Any CPU
		{F234A326-7CDD-4A2A-A9FB-8FEEF66781CA}.Release|x86.Build.0 = Release|Any CPU
		{D7A1C868-80EF-48D3-81EB-4979AAB9D07A}.Debug|Any CPU.ActiveCfg = Debug|Any CPU
		{D7A1C868-80EF-48D3-81EB-4979AAB9D07A}.Debug|Any CPU.Build.0 = Debug|Any CPU
		{D7A1C868-80EF-48D3-81EB-4979AAB9D07A}.Debug|x64.ActiveCfg = Debug|Any CPU
		{D7A1C868-80EF-48D3-81EB-4979AAB9D07A}.Debug|x64.Build.0 = Debug|Any CPU
		{D7A1C868-80EF-48D3-81EB-4979AAB9D07A}.Debug|x86.ActiveCfg = Debug|Any CPU
		{D7A1C868-80EF-48D3-81EB-4979AAB9D07A}.Debug|x86.Build.0 = Debug|Any CPU
		{D7A1C868-80EF-48D3-81EB-4979AAB9D07A}.Release|Any CPU.ActiveCfg = Release|Any CPU
		{D7A1C868-80EF-48D3-81EB-4979AAB9D07A}.Release|Any CPU.Build.0 = Release|Any CPU
		{D7A1C868-80EF-48D3-81EB-4979AAB9D07A}.Release|x64.ActiveCfg = Release|Any CPU
		{D7A1C868-80EF-48D3-81EB-4979AAB9D07A}.Release|x64.Build.0 = Release|Any CPU
		{D7A1C868-80EF-48D3-81EB-4979AAB9D07A}.Release|x86.ActiveCfg = Release|Any CPU
		{D7A1C868-80EF-48D3-81EB-4979AAB9D07A}.Release|x86.Build.0 = Release|Any CPU
	EndGlobalSection
EndGlobal
