
Microsoft Visual Studio Solution File, Format Version 12.00
# Visual Studio Version 16
VisualStudioVersion = 16.0.30011.22
MinimumVisualStudioVersion = 10.0.40219.1
Project("{9A19103F-16F7-4668-BE54-9A1E7A4F7556}") = "rabbitMQ", "RabbitMQ\rabbitMQ.csproj", "{DEF7ADF3-6FDD-4EE3-B5E6-E3D26B7B2049}"
EndProject
Project("{FAE04EC0-301F-11D3-BF4B-00C04F79EFBC}") = "SecondUser", "SecondUser\SecondUser.csproj", "{12212F98-38C9-4D6D-815C-E8778ED71A37}"
EndProject
Project("{FAE04EC0-301F-11D3-BF4B-00C04F79EFBC}") = "Queues", "Queues\Queues.csproj", "{A50DEE5A-3849-41D7-85BE-5EFC7407350F}"
EndProject
Project("{FAE04EC0-301F-11D3-BF4B-00C04F79EFBC}") = "PizzaService", "PizzaService\PizzaService.csproj", "{902B53CE-98C7-4D3D-BFED-5DE70C0D6A9E}"
EndProject
Project("{FAE04EC0-301F-11D3-BF4B-00C04F79EFBC}") = "Infrastructure", "Infrastructure\Infrastructure.csproj", "{BD75C8CC-64EB-4588-BFC8-F627F5676DBF}"
EndProject
Global
	GlobalSection(SolutionConfigurationPlatforms) = preSolution
		Debug|Any CPU = Debug|Any CPU
		Release|Any CPU = Release|Any CPU
	EndGlobalSection
	GlobalSection(ProjectConfigurationPlatforms) = postSolution
		{DEF7ADF3-6FDD-4EE3-B5E6-E3D26B7B2049}.Debug|Any CPU.ActiveCfg = Debug|Any CPU
		{DEF7ADF3-6FDD-4EE3-B5E6-E3D26B7B2049}.Debug|Any CPU.Build.0 = Debug|Any CPU
		{DEF7ADF3-6FDD-4EE3-B5E6-E3D26B7B2049}.Release|Any CPU.ActiveCfg = Release|Any CPU
		{DEF7ADF3-6FDD-4EE3-B5E6-E3D26B7B2049}.Release|Any CPU.Build.0 = Release|Any CPU
		{12212F98-38C9-4D6D-815C-E8778ED71A37}.Debug|Any CPU.ActiveCfg = Debug|Any CPU
		{12212F98-38C9-4D6D-815C-E8778ED71A37}.Debug|Any CPU.Build.0 = Debug|Any CPU
		{12212F98-38C9-4D6D-815C-E8778ED71A37}.Release|Any CPU.ActiveCfg = Release|Any CPU
		{12212F98-38C9-4D6D-815C-E8778ED71A37}.Release|Any CPU.Build.0 = Release|Any CPU
		{A50DEE5A-3849-41D7-85BE-5EFC7407350F}.Debug|Any CPU.ActiveCfg = Debug|Any CPU
		{A50DEE5A-3849-41D7-85BE-5EFC7407350F}.Debug|Any CPU.Build.0 = Debug|Any CPU
		{A50DEE5A-3849-41D7-85BE-5EFC7407350F}.Release|Any CPU.ActiveCfg = Release|Any CPU
		{A50DEE5A-3849-41D7-85BE-5EFC7407350F}.Release|Any CPU.Build.0 = Release|Any CPU
		{902B53CE-98C7-4D3D-BFED-5DE70C0D6A9E}.Debug|Any CPU.ActiveCfg = Debug|Any CPU
		{902B53CE-98C7-4D3D-BFED-5DE70C0D6A9E}.Debug|Any CPU.Build.0 = Debug|Any CPU
		{902B53CE-98C7-4D3D-BFED-5DE70C0D6A9E}.Release|Any CPU.ActiveCfg = Release|Any CPU
		{902B53CE-98C7-4D3D-BFED-5DE70C0D6A9E}.Release|Any CPU.Build.0 = Release|Any CPU
		{BD75C8CC-64EB-4588-BFC8-F627F5676DBF}.Debug|Any CPU.ActiveCfg = Debug|Any CPU
		{BD75C8CC-64EB-4588-BFC8-F627F5676DBF}.Debug|Any CPU.Build.0 = Debug|Any CPU
		{BD75C8CC-64EB-4588-BFC8-F627F5676DBF}.Release|Any CPU.ActiveCfg = Release|Any CPU
		{BD75C8CC-64EB-4588-BFC8-F627F5676DBF}.Release|Any CPU.Build.0 = Release|Any CPU
	EndGlobalSection
	GlobalSection(SolutionProperties) = preSolution
		HideSolutionNode = FALSE
	EndGlobalSection
	GlobalSection(ExtensibilityGlobals) = postSolution
		SolutionGuid = {C642A4A7-5FCE-4C53-A73A-58EAE807D16F}
	EndGlobalSection
EndGlobal
